
Microsoft Visual Studio Solution File, Format Version 12.00
# Visual Studio Version 16
VisualStudioVersion = 16.0.30907.101
MinimumVisualStudioVersion = 10.0.40219.1
Project("{FAE04EC0-301F-11D3-BF4B-00C04F79EFBC}") = "AppointmentMaker", "AppointmentMaker.csproj", "{EFC75175-394D-4F26-8B85-DE6A635714C8}"
EndProject
Global
	GlobalSection(SolutionConfigurationPlatforms) = preSolution
		Debug|Any CPU = Debug|Any CPU
		Release|Any CPU = Release|Any CPU
	EndGlobalSection
	GlobalSection(ProjectConfigurationPlatforms) = postSolution
		{EFC75175-394D-4F26-8B85-DE6A635714C8}.Debug|Any CPU.ActiveCfg = Debug|Any CPU
		{EFC75175-394D-4F26-8B85-DE6A635714C8}.Debug|Any CPU.Build.0 = Debug|Any CPU
		{EFC75175-394D-4F26-8B85-DE6A635714C8}.Release|Any CPU.ActiveCfg = Release|Any CPU
		{EFC75175-394D-4F26-8B85-DE6A635714C8}.Release|Any CPU.Build.0 = Release|Any CPU
	EndGlobalSection
	GlobalSection(SolutionProperties) = preSolution
		HideSolutionNode = FALSE
	EndGlobalSection
	GlobalSection(ExtensibilityGlobals) = postSolution
		SolutionGuid = {D906B442-9E7F-445C-B8BD-2227DA54053F}
	EndGlobalSection
EndGlobal
